// !$*UTF8*$!
{
	archiveVersion = 1;
	classes = {
	};
	objectVersion = 50;
	objects = {

/* Begin PBXBuildFile section */
		ED200006268AB73D0040D584 /* StoryboardInstantiable.swift in Sources */ = {isa = PBXBuildFile; fileRef = ED200005268AB73D0040D584 /* StoryboardInstantiable.swift */; };
		ED20FF6E268A9B0D0040D584 /* AppDelegate.swift in Sources */ = {isa = PBXBuildFile; fileRef = ED20FF6D268A9B0D0040D584 /* AppDelegate.swift */; };
		ED20FF70268A9B0D0040D584 /* SceneDelegate.swift in Sources */ = {isa = PBXBuildFile; fileRef = ED20FF6F268A9B0D0040D584 /* SceneDelegate.swift */; };
		ED20FF77268A9B1A0040D584 /* Assets.xcassets in Resources */ = {isa = PBXBuildFile; fileRef = ED20FF76268A9B1A0040D584 /* Assets.xcassets */; };
		ED20FF7A268A9B1A0040D584 /* LaunchScreen.storyboard in Resources */ = {isa = PBXBuildFile; fileRef = ED20FF78268A9B1A0040D584 /* LaunchScreen.storyboard */; };
		ED20FF85268A9B1A0040D584 /* Currency_ConverterTests.swift in Sources */ = {isa = PBXBuildFile; fileRef = ED20FF84268A9B1A0040D584 /* Currency_ConverterTests.swift */; };
		ED20FF90268A9B1A0040D584 /* Currency_ConverterUITests.swift in Sources */ = {isa = PBXBuildFile; fileRef = ED20FF8F268A9B1A0040D584 /* Currency_ConverterUITests.swift */; };
		ED20FFA3268A9BED0040D584 /* AppStarter.swift in Sources */ = {isa = PBXBuildFile; fileRef = ED20FFA1268A9BED0040D584 /* AppStarter.swift */; };
		ED20FFA4268A9BED0040D584 /* AppTheme.swift in Sources */ = {isa = PBXBuildFile; fileRef = ED20FFA2268A9BED0040D584 /* AppTheme.swift */; };
		ED20FFDD268AA0470040D584 /* LICENSE.txt in Resources */ = {isa = PBXBuildFile; fileRef = ED20FFD9268AA0460040D584 /* LICENSE.txt */; };
		ED20FFDE268AA0470040D584 /* Roboto-Medium.ttf in Resources */ = {isa = PBXBuildFile; fileRef = ED20FFDA268AA0460040D584 /* Roboto-Medium.ttf */; };
		ED20FFDF268AA0470040D584 /* Roboto-Bold.ttf in Resources */ = {isa = PBXBuildFile; fileRef = ED20FFDB268AA0460040D584 /* Roboto-Bold.ttf */; };
		ED20FFE0268AA0470040D584 /* Roboto-Regular.ttf in Resources */ = {isa = PBXBuildFile; fileRef = ED20FFDC268AA0470040D584 /* Roboto-Regular.ttf */; };
		ED20FFEE268AABAC0040D584 /* Observable.swift in Sources */ = {isa = PBXBuildFile; fileRef = ED20FFED268AABAC0040D584 /* Observable.swift */; };
		ED20FFF7268AAD510040D584 /* SolutionsViewModel.swift in Sources */ = {isa = PBXBuildFile; fileRef = ED20FFF6268AAD510040D584 /* SolutionsViewModel.swift */; };
		ED20FFFD268AB24E0040D584 /* SolutionsClass.swift in Sources */ = {isa = PBXBuildFile; fileRef = ED20FFFC268AB24E0040D584 /* SolutionsClass.swift */; };
		ED73E073268CBC750099AB95 /* CurrencyConverterPresenter.swift in Sources */ = {isa = PBXBuildFile; fileRef = ED73E06D268CBC750099AB95 /* CurrencyConverterPresenter.swift */; };
		ED73E074268CBC750099AB95 /* CurrencyConverterRouter.swift in Sources */ = {isa = PBXBuildFile; fileRef = ED73E06E268CBC750099AB95 /* CurrencyConverterRouter.swift */; };
		ED73E075268CBC750099AB95 /* CurrencyConverterInteractor.swift in Sources */ = {isa = PBXBuildFile; fileRef = ED73E06F268CBC750099AB95 /* CurrencyConverterInteractor.swift */; };
		ED73E076268CBC750099AB95 /* CurrencyConverterModel.swift in Sources */ = {isa = PBXBuildFile; fileRef = ED73E070268CBC750099AB95 /* CurrencyConverterModel.swift */; };
		ED73E077268CBC750099AB95 /* CurrencyConverterVC.swift in Sources */ = {isa = PBXBuildFile; fileRef = ED73E071268CBC750099AB95 /* CurrencyConverterVC.swift */; };
		ED73E078268CBC750099AB95 /* CurrencyConverter.swift in Sources */ = {isa = PBXBuildFile; fileRef = ED73E072268CBC750099AB95 /* CurrencyConverter.swift */; };
		ED73E07E268CD2040099AB95 /* Currency_List_ConverterTest.swift in Sources */ = {isa = PBXBuildFile; fileRef = ED73E07D268CD2040099AB95 /* Currency_List_ConverterTest.swift */; };
		ED7AC6F1268B3D860095D862 /* SolutionsTests.swift in Sources */ = {isa = PBXBuildFile; fileRef = ED7AC6F0268B3D860095D862 /* SolutionsTests.swift */; };
		ED7AC6FF268B4B340095D862 /* SolutionsViewModelProtocol.swift in Sources */ = {isa = PBXBuildFile; fileRef = ED7AC6FE268B4B340095D862 /* SolutionsViewModelProtocol.swift */; };
		ED7BE18C268BA66A00641A84 /* CurrencyListPresenter.swift in Sources */ = {isa = PBXBuildFile; fileRef = ED7BE186268BA66A00641A84 /* CurrencyListPresenter.swift */; };
		ED7BE18D268BA66A00641A84 /* CurrencyListRouter.swift in Sources */ = {isa = PBXBuildFile; fileRef = ED7BE187268BA66A00641A84 /* CurrencyListRouter.swift */; };
		ED7BE18E268BA66A00641A84 /* CurrencyListInteractor.swift in Sources */ = {isa = PBXBuildFile; fileRef = ED7BE188268BA66A00641A84 /* CurrencyListInteractor.swift */; };
		ED7BE18F268BA66A00641A84 /* CurrencyListModel.swift in Sources */ = {isa = PBXBuildFile; fileRef = ED7BE189268BA66A00641A84 /* CurrencyListModel.swift */; };
		ED7BE190268BA66A00641A84 /* CurrencyListVC.swift in Sources */ = {isa = PBXBuildFile; fileRef = ED7BE18A268BA66A00641A84 /* CurrencyListVC.swift */; };
		ED7BE191268BA66A00641A84 /* CurrencyList.swift in Sources */ = {isa = PBXBuildFile; fileRef = ED7BE18B268BA66A00641A84 /* CurrencyList.swift */; };
		ED7BE19A268BA72100641A84 /* ToastManager.swift in Sources */ = {isa = PBXBuildFile; fileRef = ED7BE196268BA72100641A84 /* ToastManager.swift */; };
		ED7BE19B268BA72100641A84 /* ToastView.swift in Sources */ = {isa = PBXBuildFile; fileRef = ED7BE197268BA72100641A84 /* ToastView.swift */; };
		ED7BE19C268BA72100641A84 /* ToastView.xib in Resources */ = {isa = PBXBuildFile; fileRef = ED7BE198268BA72100641A84 /* ToastView.xib */; };
		ED7BE19D268BA72100641A84 /* KeyboardStateManager.swift in Sources */ = {isa = PBXBuildFile; fileRef = ED7BE199268BA72100641A84 /* KeyboardStateManager.swift */; };
		ED7BE1A3268BAB0000641A84 /* StoryboardNames.swift in Sources */ = {isa = PBXBuildFile; fileRef = ED7BE1A2268BAB0000641A84 /* StoryboardNames.swift */; };
		ED7BE1AD268BB83200641A84 /* GradientView.swift in Sources */ = {isa = PBXBuildFile; fileRef = ED7BE1AC268BB83200641A84 /* GradientView.swift */; };
		ED7BE1B4268BC90C00641A84 /* CurrencyAPI.swift in Sources */ = {isa = PBXBuildFile; fileRef = ED7BE1B2268BC90C00641A84 /* CurrencyAPI.swift */; };
		ED7BE1B5268BC90C00641A84 /* CurrencyNetwork.swift in Sources */ = {isa = PBXBuildFile; fileRef = ED7BE1B3268BC90C00641A84 /* CurrencyNetwork.swift */; };
		ED7BE1BE268BC9A700641A84 /* BaseAPI.swift in Sources */ = {isa = PBXBuildFile; fileRef = ED7BE1BD268BC9A700641A84 /* BaseAPI.swift */; };
		ED7BE1C6268BC9F200641A84 /* BaseResponse.swift in Sources */ = {isa = PBXBuildFile; fileRef = ED7BE1C5268BC9F200641A84 /* BaseResponse.swift */; };
		ED7BE1CB268BCA5800641A84 /* TargetType.swift in Sources */ = {isa = PBXBuildFile; fileRef = ED7BE1CA268BCA5800641A84 /* TargetType.swift */; };
		ED7BE1D0268BCA7B00641A84 /* Environment.swift in Sources */ = {isa = PBXBuildFile; fileRef = ED7BE1CF268BCA7B00641A84 /* Environment.swift */; };
		ED7BE1D5268BCDF100641A84 /* ConstatnsToastMessage.swift in Sources */ = {isa = PBXBuildFile; fileRef = ED7BE1D4268BCDF100641A84 /* ConstatnsToastMessage.swift */; };
		ED7BE1DA268BD04400641A84 /* CellIdentifiers.swift in Sources */ = {isa = PBXBuildFile; fileRef = ED7BE1D9268BD04400641A84 /* CellIdentifiers.swift */; };
		ED7BE1E0268BD24300641A84 /* ExDouble.swift in Sources */ = {isa = PBXBuildFile; fileRef = ED7BE1DF268BD24300641A84 /* ExDouble.swift */; };
		ED7BE1E7268BD63C00641A84 /* CurrencyListCell.swift in Sources */ = {isa = PBXBuildFile; fileRef = ED7BE1E5268BD63C00641A84 /* CurrencyListCell.swift */; };
		ED7BE1E8268BD63C00641A84 /* CurrencyListCell.xib in Resources */ = {isa = PBXBuildFile; fileRef = ED7BE1E6268BD63C00641A84 /* CurrencyListCell.xib */; };
		ED7BE1F3268BE94300641A84 /* CardView.swift in Sources */ = {isa = PBXBuildFile; fileRef = ED7BE1F2268BE94300641A84 /* CardView.swift */; };
		ED7BE1FA268C03A600641A84 /* Currency_List_Converter.storyboard in Resources */ = {isa = PBXBuildFile; fileRef = ED7BE1F9268C03A600641A84 /* Currency_List_Converter.storyboard */; };
/* End PBXBuildFile section */

/* Begin PBXContainerItemProxy section */
		ED20FF81268A9B1A0040D584 /* PBXContainerItemProxy */ = {
			isa = PBXContainerItemProxy;
			containerPortal = ED20FF62268A9B0D0040D584 /* Project object */;
			proxyType = 1;
			remoteGlobalIDString = ED20FF69268A9B0D0040D584;
			remoteInfo = "Currency Converter";
		};
		ED20FF8C268A9B1A0040D584 /* PBXContainerItemProxy */ = {
			isa = PBXContainerItemProxy;
			containerPortal = ED20FF62268A9B0D0040D584 /* Project object */;
			proxyType = 1;
			remoteGlobalIDString = ED20FF69268A9B0D0040D584;
			remoteInfo = "Currency Converter";
		};
/* End PBXContainerItemProxy section */

/* Begin PBXFileReference section */
		ED200005268AB73D0040D584 /* StoryboardInstantiable.swift */ = {isa = PBXFileReference; lastKnownFileType = sourcecode.swift; path = StoryboardInstantiable.swift; sourceTree = "<group>"; };
		ED20FF6A268A9B0D0040D584 /* Currency Converter.app */ = {isa = PBXFileReference; explicitFileType = wrapper.application; includeInIndex = 0; path = "Currency Converter.app"; sourceTree = BUILT_PRODUCTS_DIR; };
		ED20FF6D268A9B0D0040D584 /* AppDelegate.swift */ = {isa = PBXFileReference; lastKnownFileType = sourcecode.swift; path = AppDelegate.swift; sourceTree = "<group>"; };
		ED20FF6F268A9B0D0040D584 /* SceneDelegate.swift */ = {isa = PBXFileReference; lastKnownFileType = sourcecode.swift; path = SceneDelegate.swift; sourceTree = "<group>"; };
		ED20FF76268A9B1A0040D584 /* Assets.xcassets */ = {isa = PBXFileReference; lastKnownFileType = folder.assetcatalog; path = Assets.xcassets; sourceTree = "<group>"; };
		ED20FF79268A9B1A0040D584 /* Base */ = {isa = PBXFileReference; lastKnownFileType = file.storyboard; name = Base; path = Base.lproj/LaunchScreen.storyboard; sourceTree = "<group>"; };
		ED20FF7B268A9B1A0040D584 /* Info.plist */ = {isa = PBXFileReference; lastKnownFileType = text.plist.xml; path = Info.plist; sourceTree = "<group>"; };
		ED20FF80268A9B1A0040D584 /* Currency ConverterTests.xctest */ = {isa = PBXFileReference; explicitFileType = wrapper.cfbundle; includeInIndex = 0; path = "Currency ConverterTests.xctest"; sourceTree = BUILT_PRODUCTS_DIR; };
		ED20FF84268A9B1A0040D584 /* Currency_ConverterTests.swift */ = {isa = PBXFileReference; lastKnownFileType = sourcecode.swift; path = Currency_ConverterTests.swift; sourceTree = "<group>"; };
		ED20FF86268A9B1A0040D584 /* Info.plist */ = {isa = PBXFileReference; lastKnownFileType = text.plist.xml; path = Info.plist; sourceTree = "<group>"; };
		ED20FF8B268A9B1A0040D584 /* Currency ConverterUITests.xctest */ = {isa = PBXFileReference; explicitFileType = wrapper.cfbundle; includeInIndex = 0; path = "Currency ConverterUITests.xctest"; sourceTree = BUILT_PRODUCTS_DIR; };
		ED20FF8F268A9B1A0040D584 /* Currency_ConverterUITests.swift */ = {isa = PBXFileReference; lastKnownFileType = sourcecode.swift; path = Currency_ConverterUITests.swift; sourceTree = "<group>"; };
		ED20FF91268A9B1A0040D584 /* Info.plist */ = {isa = PBXFileReference; lastKnownFileType = text.plist.xml; path = Info.plist; sourceTree = "<group>"; };
		ED20FFA1268A9BED0040D584 /* AppStarter.swift */ = {isa = PBXFileReference; lastKnownFileType = sourcecode.swift; path = AppStarter.swift; sourceTree = "<group>"; };
		ED20FFA2268A9BED0040D584 /* AppTheme.swift */ = {isa = PBXFileReference; lastKnownFileType = sourcecode.swift; path = AppTheme.swift; sourceTree = "<group>"; };
		ED20FFAD268A9C9B0040D584 /* Development.xcconfig */ = {isa = PBXFileReference; lastKnownFileType = text.xcconfig; path = Development.xcconfig; sourceTree = "<group>"; };
		ED20FFAE268A9DF10040D584 /* Production.xcconfig */ = {isa = PBXFileReference; lastKnownFileType = text.xcconfig; path = Production.xcconfig; sourceTree = "<group>"; };
		ED20FFD9268AA0460040D584 /* LICENSE.txt */ = {isa = PBXFileReference; fileEncoding = 4; lastKnownFileType = text; path = LICENSE.txt; sourceTree = "<group>"; };
		ED20FFDA268AA0460040D584 /* Roboto-Medium.ttf */ = {isa = PBXFileReference; lastKnownFileType = file; path = "Roboto-Medium.ttf"; sourceTree = "<group>"; };
		ED20FFDB268AA0460040D584 /* Roboto-Bold.ttf */ = {isa = PBXFileReference; lastKnownFileType = file; path = "Roboto-Bold.ttf"; sourceTree = "<group>"; };
		ED20FFDC268AA0470040D584 /* Roboto-Regular.ttf */ = {isa = PBXFileReference; lastKnownFileType = file; path = "Roboto-Regular.ttf"; sourceTree = "<group>"; };
		ED20FFED268AABAC0040D584 /* Observable.swift */ = {isa = PBXFileReference; lastKnownFileType = sourcecode.swift; path = Observable.swift; sourceTree = "<group>"; };
		ED20FFF6268AAD510040D584 /* SolutionsViewModel.swift */ = {isa = PBXFileReference; lastKnownFileType = sourcecode.swift; path = SolutionsViewModel.swift; sourceTree = "<group>"; };
		ED20FFFC268AB24E0040D584 /* SolutionsClass.swift */ = {isa = PBXFileReference; lastKnownFileType = sourcecode.swift; path = SolutionsClass.swift; sourceTree = "<group>"; };
		ED73E06D268CBC750099AB95 /* CurrencyConverterPresenter.swift */ = {isa = PBXFileReference; lastKnownFileType = sourcecode.swift; path = CurrencyConverterPresenter.swift; sourceTree = "<group>"; };
		ED73E06E268CBC750099AB95 /* CurrencyConverterRouter.swift */ = {isa = PBXFileReference; lastKnownFileType = sourcecode.swift; path = CurrencyConverterRouter.swift; sourceTree = "<group>"; };
		ED73E06F268CBC750099AB95 /* CurrencyConverterInteractor.swift */ = {isa = PBXFileReference; lastKnownFileType = sourcecode.swift; path = CurrencyConverterInteractor.swift; sourceTree = "<group>"; };
		ED73E070268CBC750099AB95 /* CurrencyConverterModel.swift */ = {isa = PBXFileReference; lastKnownFileType = sourcecode.swift; path = CurrencyConverterModel.swift; sourceTree = "<group>"; };
		ED73E071268CBC750099AB95 /* CurrencyConverterVC.swift */ = {isa = PBXFileReference; lastKnownFileType = sourcecode.swift; path = CurrencyConverterVC.swift; sourceTree = "<group>"; };
		ED73E072268CBC750099AB95 /* CurrencyConverter.swift */ = {isa = PBXFileReference; lastKnownFileType = sourcecode.swift; path = CurrencyConverter.swift; sourceTree = "<group>"; };
		ED73E07D268CD2040099AB95 /* Currency_List_ConverterTest.swift */ = {isa = PBXFileReference; lastKnownFileType = sourcecode.swift; path = Currency_List_ConverterTest.swift; sourceTree = "<group>"; };
		ED7AC6F0268B3D860095D862 /* SolutionsTests.swift */ = {isa = PBXFileReference; lastKnownFileType = sourcecode.swift; path = SolutionsTests.swift; sourceTree = "<group>"; };
		ED7AC6FE268B4B340095D862 /* SolutionsViewModelProtocol.swift */ = {isa = PBXFileReference; lastKnownFileType = sourcecode.swift; path = SolutionsViewModelProtocol.swift; sourceTree = "<group>"; };
		ED7BE186268BA66A00641A84 /* CurrencyListPresenter.swift */ = {isa = PBXFileReference; lastKnownFileType = sourcecode.swift; path = CurrencyListPresenter.swift; sourceTree = "<group>"; };
		ED7BE187268BA66A00641A84 /* CurrencyListRouter.swift */ = {isa = PBXFileReference; lastKnownFileType = sourcecode.swift; path = CurrencyListRouter.swift; sourceTree = "<group>"; };
		ED7BE188268BA66A00641A84 /* CurrencyListInteractor.swift */ = {isa = PBXFileReference; lastKnownFileType = sourcecode.swift; path = CurrencyListInteractor.swift; sourceTree = "<group>"; };
		ED7BE189268BA66A00641A84 /* CurrencyListModel.swift */ = {isa = PBXFileReference; lastKnownFileType = sourcecode.swift; path = CurrencyListModel.swift; sourceTree = "<group>"; };
		ED7BE18A268BA66A00641A84 /* CurrencyListVC.swift */ = {isa = PBXFileReference; lastKnownFileType = sourcecode.swift; path = CurrencyListVC.swift; sourceTree = "<group>"; };
		ED7BE18B268BA66A00641A84 /* CurrencyList.swift */ = {isa = PBXFileReference; lastKnownFileType = sourcecode.swift; path = CurrencyList.swift; sourceTree = "<group>"; };
		ED7BE196268BA72100641A84 /* ToastManager.swift */ = {isa = PBXFileReference; lastKnownFileType = sourcecode.swift; path = ToastManager.swift; sourceTree = "<group>"; };
		ED7BE197268BA72100641A84 /* ToastView.swift */ = {isa = PBXFileReference; lastKnownFileType = sourcecode.swift; path = ToastView.swift; sourceTree = "<group>"; };
		ED7BE198268BA72100641A84 /* ToastView.xib */ = {isa = PBXFileReference; lastKnownFileType = file.xib; path = ToastView.xib; sourceTree = "<group>"; };
		ED7BE199268BA72100641A84 /* KeyboardStateManager.swift */ = {isa = PBXFileReference; lastKnownFileType = sourcecode.swift; path = KeyboardStateManager.swift; sourceTree = "<group>"; };
		ED7BE1A2268BAB0000641A84 /* StoryboardNames.swift */ = {isa = PBXFileReference; lastKnownFileType = sourcecode.swift; path = StoryboardNames.swift; sourceTree = "<group>"; };
		ED7BE1AC268BB83200641A84 /* GradientView.swift */ = {isa = PBXFileReference; lastKnownFileType = sourcecode.swift; path = GradientView.swift; sourceTree = "<group>"; };
		ED7BE1B2268BC90C00641A84 /* CurrencyAPI.swift */ = {isa = PBXFileReference; lastKnownFileType = sourcecode.swift; path = CurrencyAPI.swift; sourceTree = "<group>"; };
		ED7BE1B3268BC90C00641A84 /* CurrencyNetwork.swift */ = {isa = PBXFileReference; lastKnownFileType = sourcecode.swift; path = CurrencyNetwork.swift; sourceTree = "<group>"; };
		ED7BE1BD268BC9A700641A84 /* BaseAPI.swift */ = {isa = PBXFileReference; lastKnownFileType = sourcecode.swift; path = BaseAPI.swift; sourceTree = "<group>"; };
		ED7BE1C5268BC9F200641A84 /* BaseResponse.swift */ = {isa = PBXFileReference; lastKnownFileType = sourcecode.swift; path = BaseResponse.swift; sourceTree = "<group>"; };
		ED7BE1CA268BCA5800641A84 /* TargetType.swift */ = {isa = PBXFileReference; lastKnownFileType = sourcecode.swift; path = TargetType.swift; sourceTree = "<group>"; };
		ED7BE1CF268BCA7B00641A84 /* Environment.swift */ = {isa = PBXFileReference; lastKnownFileType = sourcecode.swift; path = Environment.swift; sourceTree = "<group>"; };
		ED7BE1D4268BCDF100641A84 /* ConstatnsToastMessage.swift */ = {isa = PBXFileReference; lastKnownFileType = sourcecode.swift; path = ConstatnsToastMessage.swift; sourceTree = "<group>"; };
		ED7BE1D9268BD04400641A84 /* CellIdentifiers.swift */ = {isa = PBXFileReference; lastKnownFileType = sourcecode.swift; path = CellIdentifiers.swift; sourceTree = "<group>"; };
		ED7BE1DF268BD24300641A84 /* ExDouble.swift */ = {isa = PBXFileReference; lastKnownFileType = sourcecode.swift; path = ExDouble.swift; sourceTree = "<group>"; };
		ED7BE1E5268BD63C00641A84 /* CurrencyListCell.swift */ = {isa = PBXFileReference; lastKnownFileType = sourcecode.swift; path = CurrencyListCell.swift; sourceTree = "<group>"; };
		ED7BE1E6268BD63C00641A84 /* CurrencyListCell.xib */ = {isa = PBXFileReference; lastKnownFileType = file.xib; path = CurrencyListCell.xib; sourceTree = "<group>"; };
		ED7BE1F2268BE94300641A84 /* CardView.swift */ = {isa = PBXFileReference; lastKnownFileType = sourcecode.swift; path = CardView.swift; sourceTree = "<group>"; };
		ED7BE1F9268C03A600641A84 /* Currency_List_Converter.storyboard */ = {isa = PBXFileReference; lastKnownFileType = file.storyboard; path = Currency_List_Converter.storyboard; sourceTree = "<group>"; };
/* End PBXFileReference section */

/* Begin PBXFrameworksBuildPhase section */
		ED20FF67268A9B0D0040D584 /* Frameworks */ = {
			isa = PBXFrameworksBuildPhase;
			buildActionMask = 2147483647;
			files = (
			);
			runOnlyForDeploymentPostprocessing = 0;
		};
		ED20FF7D268A9B1A0040D584 /* Frameworks */ = {
			isa = PBXFrameworksBuildPhase;
			buildActionMask = 2147483647;
			files = (
			);
			runOnlyForDeploymentPostprocessing = 0;
		};
		ED20FF88268A9B1A0040D584 /* Frameworks */ = {
			isa = PBXFrameworksBuildPhase;
			buildActionMask = 2147483647;
			files = (
			);
			runOnlyForDeploymentPostprocessing = 0;
		};
/* End PBXFrameworksBuildPhase section */

/* Begin PBXGroup section */
		ED200004268AB71D0040D584 /* Protocols */ = {
			isa = PBXGroup;
			children = (
				ED200005268AB73D0040D584 /* StoryboardInstantiable.swift */,
			);
			path = Protocols;
			sourceTree = "<group>";
		};
		ED20FF61268A9B0D0040D584 = {
			isa = PBXGroup;
			children = (
				ED20FF6C268A9B0D0040D584 /* Currency Converter */,
				ED20FF83268A9B1A0040D584 /* Currency ConverterTests */,
				ED20FF8E268A9B1A0040D584 /* Currency ConverterUITests */,
				ED20FF6B268A9B0D0040D584 /* Products */,
			);
			sourceTree = "<group>";
		};
		ED20FF6B268A9B0D0040D584 /* Products */ = {
			isa = PBXGroup;
			children = (
				ED20FF6A268A9B0D0040D584 /* Currency Converter.app */,
				ED20FF80268A9B1A0040D584 /* Currency ConverterTests.xctest */,
				ED20FF8B268A9B1A0040D584 /* Currency ConverterUITests.xctest */,
			);
			name = Products;
			sourceTree = "<group>";
		};
		ED20FF6C268A9B0D0040D584 /* Currency Converter */ = {
			isa = PBXGroup;
			children = (
				ED7BE1BC268BC99200641A84 /* Base Network */,
				ED7BE1A1268BAAE300641A84 /* Constants */,
				ED7BE184268BA47600641A84 /* Scenes */,
				ED20FFEB268AAA6C0040D584 /* Solutions */,
				ED20FFAC268A9C460040D584 /* Configuration */,
				ED20FFAB268A9C270040D584 /* Resources */,
				ED20FFA0268A9BE10040D584 /* Core */,
				ED20FFEC268AAB8E0040D584 /* Utils */,
			);
			path = "Currency Converter";
			sourceTree = "<group>";
		};
		ED20FF83268A9B1A0040D584 /* Currency ConverterTests */ = {
			isa = PBXGroup;
			children = (
				ED73E07C268CD1D80099AB95 /* Currency_List_Converter */,
				ED7AC6EF268B3D460095D862 /* Solutions */,
				ED20FF84268A9B1A0040D584 /* Currency_ConverterTests.swift */,
				ED20FF86268A9B1A0040D584 /* Info.plist */,
			);
			path = "Currency ConverterTests";
			sourceTree = "<group>";
		};
		ED20FF8E268A9B1A0040D584 /* Currency ConverterUITests */ = {
			isa = PBXGroup;
			children = (
				ED20FF8F268A9B1A0040D584 /* Currency_ConverterUITests.swift */,
				ED20FF91268A9B1A0040D584 /* Info.plist */,
			);
			path = "Currency ConverterUITests";
			sourceTree = "<group>";
		};
		ED20FFA0268A9BE10040D584 /* Core */ = {
			isa = PBXGroup;
			children = (
				ED20FF6D268A9B0D0040D584 /* AppDelegate.swift */,
				ED20FF6F268A9B0D0040D584 /* SceneDelegate.swift */,
				ED20FFA1268A9BED0040D584 /* AppStarter.swift */,
				ED20FFA2268A9BED0040D584 /* AppTheme.swift */,
			);
			path = Core;
			sourceTree = "<group>";
		};
		ED20FFAB268A9C270040D584 /* Resources */ = {
			isa = PBXGroup;
			children = (
				ED20FFD4268AA02D0040D584 /* Fonts */,
				ED20FF76268A9B1A0040D584 /* Assets.xcassets */,
				ED20FF78268A9B1A0040D584 /* LaunchScreen.storyboard */,
			);
			path = Resources;
			sourceTree = "<group>";
		};
		ED20FFAC268A9C460040D584 /* Configuration */ = {
			isa = PBXGroup;
			children = (
				ED20FF7B268A9B1A0040D584 /* Info.plist */,
				ED20FFAD268A9C9B0040D584 /* Development.xcconfig */,
				ED20FFAE268A9DF10040D584 /* Production.xcconfig */,
				ED7BE1CF268BCA7B00641A84 /* Environment.swift */,
			);
			path = Configuration;
			sourceTree = "<group>";
		};
		ED20FFD4268AA02D0040D584 /* Fonts */ = {
			isa = PBXGroup;
			children = (
				ED20FFD5268AA0350040D584 /* Roboto */,
			);
			path = Fonts;
			sourceTree = "<group>";
		};
		ED20FFD5268AA0350040D584 /* Roboto */ = {
			isa = PBXGroup;
			children = (
				ED20FFD9268AA0460040D584 /* LICENSE.txt */,
				ED20FFDB268AA0460040D584 /* Roboto-Bold.ttf */,
				ED20FFDA268AA0460040D584 /* Roboto-Medium.ttf */,
				ED20FFDC268AA0470040D584 /* Roboto-Regular.ttf */,
			);
			path = Roboto;
			sourceTree = "<group>";
		};
		ED20FFEB268AAA6C0040D584 /* Solutions */ = {
			isa = PBXGroup;
			children = (
				ED20FFFB268AB23D0040D584 /* View */,
				ED20FFF5268AACAA0040D584 /* ViewModel */,
			);
			path = Solutions;
			sourceTree = "<group>";
		};
		ED20FFEC268AAB8E0040D584 /* Utils */ = {
			isa = PBXGroup;
			children = (
				ED7BE1DE268BD23A00641A84 /* Extensions */,
				ED7BE1AB268BB81B00641A84 /* Classes */,
				ED7BE195268BA70400641A84 /* Toast Message */,
				ED200004268AB71D0040D584 /* Protocols */,
			);
			path = Utils;
			sourceTree = "<group>";
		};
		ED20FFF5268AACAA0040D584 /* ViewModel */ = {
			isa = PBXGroup;
			children = (
				ED20FFF6268AAD510040D584 /* SolutionsViewModel.swift */,
				ED7AC6FE268B4B340095D862 /* SolutionsViewModelProtocol.swift */,
			);
			path = ViewModel;
			sourceTree = "<group>";
		};
		ED20FFFB268AB23D0040D584 /* View */ = {
			isa = PBXGroup;
			children = (
				ED20FFFC268AB24E0040D584 /* SolutionsClass.swift */,
			);
			path = View;
			sourceTree = "<group>";
		};
		ED73E06C268CBC5A0099AB95 /* Currency Converter */ = {
			isa = PBXGroup;
			children = (
				ED73E06D268CBC750099AB95 /* CurrencyConverterPresenter.swift */,
				ED73E06E268CBC750099AB95 /* CurrencyConverterRouter.swift */,
				ED73E06F268CBC750099AB95 /* CurrencyConverterInteractor.swift */,
				ED73E070268CBC750099AB95 /* CurrencyConverterModel.swift */,
				ED73E071268CBC750099AB95 /* CurrencyConverterVC.swift */,
				ED73E072268CBC750099AB95 /* CurrencyConverter.swift */,
			);
			path = "Currency Converter";
			sourceTree = "<group>";
		};
		ED73E07C268CD1D80099AB95 /* Currency_List_Converter */ = {
			isa = PBXGroup;
			children = (
				ED73E07D268CD2040099AB95 /* Currency_List_ConverterTest.swift */,
			);
			path = Currency_List_Converter;
			sourceTree = "<group>";
		};
		ED7AC6EF268B3D460095D862 /* Solutions */ = {
			isa = PBXGroup;
			children = (
				ED7AC6F0268B3D860095D862 /* SolutionsTests.swift */,
			);
			path = Solutions;
			sourceTree = "<group>";
		};
		ED7BE184268BA47600641A84 /* Scenes */ = {
			isa = PBXGroup;
			children = (
				ED7BE1F8268C035A00641A84 /* Currency_List_Converter */,
			);
			path = Scenes;
			sourceTree = "<group>";
		};
		ED7BE185268BA48300641A84 /* Currency List */ = {
			isa = PBXGroup;
			children = (
				ED7BE1E4268BD62000641A84 /* Cell */,
				ED7BE186268BA66A00641A84 /* CurrencyListPresenter.swift */,
				ED7BE187268BA66A00641A84 /* CurrencyListRouter.swift */,
				ED7BE188268BA66A00641A84 /* CurrencyListInteractor.swift */,
				ED7BE189268BA66A00641A84 /* CurrencyListModel.swift */,
				ED7BE18A268BA66A00641A84 /* CurrencyListVC.swift */,
				ED7BE18B268BA66A00641A84 /* CurrencyList.swift */,
			);
			path = "Currency List";
			sourceTree = "<group>";
		};
		ED7BE195268BA70400641A84 /* Toast Message */ = {
			isa = PBXGroup;
			children = (
				ED7BE196268BA72100641A84 /* ToastManager.swift */,
				ED7BE197268BA72100641A84 /* ToastView.swift */,
				ED7BE198268BA72100641A84 /* ToastView.xib */,
				ED7BE199268BA72100641A84 /* KeyboardStateManager.swift */,
			);
			path = "Toast Message";
			sourceTree = "<group>";
		};
		ED7BE1A1268BAAE300641A84 /* Constants */ = {
			isa = PBXGroup;
			children = (
				ED7BE1A2268BAB0000641A84 /* StoryboardNames.swift */,
				ED7BE1D4268BCDF100641A84 /* ConstatnsToastMessage.swift */,
				ED7BE1D9268BD04400641A84 /* CellIdentifiers.swift */,
			);
			path = Constants;
			sourceTree = "<group>";
		};
		ED7BE1AB268BB81B00641A84 /* Classes */ = {
			isa = PBXGroup;
			children = (
				ED20FFED268AABAC0040D584 /* Observable.swift */,
				ED7BE1AC268BB83200641A84 /* GradientView.swift */,
				ED7BE1F2268BE94300641A84 /* CardView.swift */,
			);
			path = Classes;
			sourceTree = "<group>";
		};
		ED7BE1B1268BC8F500641A84 /* Network Manger */ = {
			isa = PBXGroup;
			children = (
				ED7BE1B2268BC90C00641A84 /* CurrencyAPI.swift */,
				ED7BE1B3268BC90C00641A84 /* CurrencyNetwork.swift */,
			);
			path = "Network Manger";
			sourceTree = "<group>";
		};
		ED7BE1BC268BC99200641A84 /* Base Network */ = {
			isa = PBXGroup;
			children = (
				ED7BE1BD268BC9A700641A84 /* BaseAPI.swift */,
				ED7BE1C5268BC9F200641A84 /* BaseResponse.swift */,
				ED7BE1CA268BCA5800641A84 /* TargetType.swift */,
			);
			path = "Base Network";
			sourceTree = "<group>";
		};
		ED7BE1DE268BD23A00641A84 /* Extensions */ = {
			isa = PBXGroup;
			children = (
				ED7BE1DF268BD24300641A84 /* ExDouble.swift */,
			);
			path = Extensions;
			sourceTree = "<group>";
		};
		ED7BE1E4268BD62000641A84 /* Cell */ = {
			isa = PBXGroup;
			children = (
				ED7BE1E5268BD63C00641A84 /* CurrencyListCell.swift */,
				ED7BE1E6268BD63C00641A84 /* CurrencyListCell.xib */,
			);
			path = Cell;
			sourceTree = "<group>";
		};
		ED7BE1F7268C031700641A84 /* Storyboard */ = {
			isa = PBXGroup;
			children = (
				ED7BE1F9268C03A600641A84 /* Currency_List_Converter.storyboard */,
			);
			path = Storyboard;
			sourceTree = "<group>";
		};
		ED7BE1F8268C035A00641A84 /* Currency_List_Converter */ = {
			isa = PBXGroup;
			children = (
				ED7BE1F7268C031700641A84 /* Storyboard */,
				ED7BE1B1268BC8F500641A84 /* Network Manger */,
				ED7BE185268BA48300641A84 /* Currency List */,
				ED73E06C268CBC5A0099AB95 /* Currency Converter */,
			);
			path = Currency_List_Converter;
			sourceTree = "<group>";
		};
/* End PBXGroup section */

/* Begin PBXNativeTarget section */
		ED20FF69268A9B0D0040D584 /* Currency Converter */ = {
			isa = PBXNativeTarget;
			buildConfigurationList = ED20FF94268A9B1A0040D584 /* Build configuration list for PBXNativeTarget "Currency Converter" */;
			buildPhases = (
				ED20FF66268A9B0D0040D584 /* Sources */,
				ED20FF67268A9B0D0040D584 /* Frameworks */,
				ED20FF68268A9B0D0040D584 /* Resources */,
			);
			buildRules = (
			);
			dependencies = (
			);
			name = "Currency Converter";
			productName = "Currency Converter";
			productReference = ED20FF6A268A9B0D0040D584 /* Currency Converter.app */;
			productType = "com.apple.product-type.application";
		};
		ED20FF7F268A9B1A0040D584 /* Currency ConverterTests */ = {
			isa = PBXNativeTarget;
			buildConfigurationList = ED20FF97268A9B1A0040D584 /* Build configuration list for PBXNativeTarget "Currency ConverterTests" */;
			buildPhases = (
				ED20FF7C268A9B1A0040D584 /* Sources */,
				ED20FF7D268A9B1A0040D584 /* Frameworks */,
				ED20FF7E268A9B1A0040D584 /* Resources */,
			);
			buildRules = (
			);
			dependencies = (
				ED20FF82268A9B1A0040D584 /* PBXTargetDependency */,
			);
			name = "Currency ConverterTests";
			productName = "Currency ConverterTests";
			productReference = ED20FF80268A9B1A0040D584 /* Currency ConverterTests.xctest */;
			productType = "com.apple.product-type.bundle.unit-test";
		};
		ED20FF8A268A9B1A0040D584 /* Currency ConverterUITests */ = {
			isa = PBXNativeTarget;
			buildConfigurationList = ED20FF9A268A9B1A0040D584 /* Build configuration list for PBXNativeTarget "Currency ConverterUITests" */;
			buildPhases = (
				ED20FF87268A9B1A0040D584 /* Sources */,
				ED20FF88268A9B1A0040D584 /* Frameworks */,
				ED20FF89268A9B1A0040D584 /* Resources */,
			);
			buildRules = (
			);
			dependencies = (
				ED20FF8D268A9B1A0040D584 /* PBXTargetDependency */,
			);
			name = "Currency ConverterUITests";
			productName = "Currency ConverterUITests";
			productReference = ED20FF8B268A9B1A0040D584 /* Currency ConverterUITests.xctest */;
			productType = "com.apple.product-type.bundle.ui-testing";
		};
/* End PBXNativeTarget section */

/* Begin PBXProject section */
		ED20FF62268A9B0D0040D584 /* Project object */ = {
			isa = PBXProject;
			attributes = {
				LastSwiftUpdateCheck = 1240;
				LastUpgradeCheck = 1240;
				TargetAttributes = {
					ED20FF69268A9B0D0040D584 = {
						CreatedOnToolsVersion = 12.4;
					};
					ED20FF7F268A9B1A0040D584 = {
						CreatedOnToolsVersion = 12.4;
						TestTargetID = ED20FF69268A9B0D0040D584;
					};
					ED20FF8A268A9B1A0040D584 = {
						CreatedOnToolsVersion = 12.4;
						TestTargetID = ED20FF69268A9B0D0040D584;
					};
				};
			};
			buildConfigurationList = ED20FF65268A9B0D0040D584 /* Build configuration list for PBXProject "Currency Converter" */;
			compatibilityVersion = "Xcode 9.3";
			developmentRegion = en;
			hasScannedForEncodings = 0;
			knownRegions = (
				en,
				Base,
			);
			mainGroup = ED20FF61268A9B0D0040D584;
			productRefGroup = ED20FF6B268A9B0D0040D584 /* Products */;
			projectDirPath = "";
			projectRoot = "";
			targets = (
				ED20FF69268A9B0D0040D584 /* Currency Converter */,
				ED20FF7F268A9B1A0040D584 /* Currency ConverterTests */,
				ED20FF8A268A9B1A0040D584 /* Currency ConverterUITests */,
			);
		};
/* End PBXProject section */

/* Begin PBXResourcesBuildPhase section */
		ED20FF68268A9B0D0040D584 /* Resources */ = {
			isa = PBXResourcesBuildPhase;
			buildActionMask = 2147483647;
			files = (
				ED20FFDE268AA0470040D584 /* Roboto-Medium.ttf in Resources */,
				ED20FFE0268AA0470040D584 /* Roboto-Regular.ttf in Resources */,
				ED20FFDD268AA0470040D584 /* LICENSE.txt in Resources */,
				ED20FFDF268AA0470040D584 /* Roboto-Bold.ttf in Resources */,
				ED7BE1FA268C03A600641A84 /* Currency_List_Converter.storyboard in Resources */,
				ED7BE19C268BA72100641A84 /* ToastView.xib in Resources */,
				ED20FF7A268A9B1A0040D584 /* LaunchScreen.storyboard in Resources */,
				ED7BE1E8268BD63C00641A84 /* CurrencyListCell.xib in Resources */,
				ED20FF77268A9B1A0040D584 /* Assets.xcassets in Resources */,
			);
			runOnlyForDeploymentPostprocessing = 0;
		};
		ED20FF7E268A9B1A0040D584 /* Resources */ = {
			isa = PBXResourcesBuildPhase;
			buildActionMask = 2147483647;
			files = (
			);
			runOnlyForDeploymentPostprocessing = 0;
		};
		ED20FF89268A9B1A0040D584 /* Resources */ = {
			isa = PBXResourcesBuildPhase;
			buildActionMask = 2147483647;
			files = (
			);
			runOnlyForDeploymentPostprocessing = 0;
		};
/* End PBXResourcesBuildPhase section */

/* Begin PBXSourcesBuildPhase section */
		ED20FF66268A9B0D0040D584 /* Sources */ = {
			isa = PBXSourcesBuildPhase;
			buildActionMask = 2147483647;
			files = (
				ED7BE1CB268BCA5800641A84 /* TargetType.swift in Sources */,
				ED20FFF7268AAD510040D584 /* SolutionsViewModel.swift in Sources */,
				ED7BE18E268BA66A00641A84 /* CurrencyListInteractor.swift in Sources */,
				ED7BE1AD268BB83200641A84 /* GradientView.swift in Sources */,
				ED7BE19D268BA72100641A84 /* KeyboardStateManager.swift in Sources */,
				ED20FFA3268A9BED0040D584 /* AppStarter.swift in Sources */,
				ED7BE1B5268BC90C00641A84 /* CurrencyNetwork.swift in Sources */,
				ED7BE1A3268BAB0000641A84 /* StoryboardNames.swift in Sources */,
				ED7BE1D5268BCDF100641A84 /* ConstatnsToastMessage.swift in Sources */,
				ED7BE1F3268BE94300641A84 /* CardView.swift in Sources */,
				ED7BE191268BA66A00641A84 /* CurrencyList.swift in Sources */,
				ED7BE1BE268BC9A700641A84 /* BaseAPI.swift in Sources */,
				ED73E073268CBC750099AB95 /* CurrencyConverterPresenter.swift in Sources */,
				ED7BE18F268BA66A00641A84 /* CurrencyListModel.swift in Sources */,
				ED20FF6E268A9B0D0040D584 /* AppDelegate.swift in Sources */,
				ED73E074268CBC750099AB95 /* CurrencyConverterRouter.swift in Sources */,
				ED73E076268CBC750099AB95 /* CurrencyConverterModel.swift in Sources */,
				ED7AC6FF268B4B340095D862 /* SolutionsViewModelProtocol.swift in Sources */,
				ED200006268AB73D0040D584 /* StoryboardInstantiable.swift in Sources */,
				ED20FF70268A9B0D0040D584 /* SceneDelegate.swift in Sources */,
				ED7BE18C268BA66A00641A84 /* CurrencyListPresenter.swift in Sources */,
				ED7BE1E0268BD24300641A84 /* ExDouble.swift in Sources */,
				ED7BE1C6268BC9F200641A84 /* BaseResponse.swift in Sources */,
				ED20FFFD268AB24E0040D584 /* SolutionsClass.swift in Sources */,
				ED73E077268CBC750099AB95 /* CurrencyConverterVC.swift in Sources */,
				ED20FFEE268AABAC0040D584 /* Observable.swift in Sources */,
				ED7BE190268BA66A00641A84 /* CurrencyListVC.swift in Sources */,
				ED7BE19A268BA72100641A84 /* ToastManager.swift in Sources */,
				ED7BE1D0268BCA7B00641A84 /* Environment.swift in Sources */,
				ED20FFA4268A9BED0040D584 /* AppTheme.swift in Sources */,
				ED73E075268CBC750099AB95 /* CurrencyConverterInteractor.swift in Sources */,
				ED73E078268CBC750099AB95 /* CurrencyConverter.swift in Sources */,
				ED7BE19B268BA72100641A84 /* ToastView.swift in Sources */,
				ED7BE18D268BA66A00641A84 /* CurrencyListRouter.swift in Sources */,
				ED7BE1DA268BD04400641A84 /* CellIdentifiers.swift in Sources */,
				ED7BE1E7268BD63C00641A84 /* CurrencyListCell.swift in Sources */,
				ED7BE1B4268BC90C00641A84 /* CurrencyAPI.swift in Sources */,
			);
			runOnlyForDeploymentPostprocessing = 0;
		};
		ED20FF7C268A9B1A0040D584 /* Sources */ = {
			isa = PBXSourcesBuildPhase;
			buildActionMask = 2147483647;
			files = (
				ED73E07E268CD2040099AB95 /* Currency_List_ConverterTest.swift in Sources */,
				ED7AC6F1268B3D860095D862 /* SolutionsTests.swift in Sources */,
				ED20FF85268A9B1A0040D584 /* Currency_ConverterTests.swift in Sources */,
			);
			runOnlyForDeploymentPostprocessing = 0;
		};
		ED20FF87268A9B1A0040D584 /* Sources */ = {
			isa = PBXSourcesBuildPhase;
			buildActionMask = 2147483647;
			files = (
				ED20FF90268A9B1A0040D584 /* Currency_ConverterUITests.swift in Sources */,
			);
			runOnlyForDeploymentPostprocessing = 0;
		};
/* End PBXSourcesBuildPhase section */

/* Begin PBXTargetDependency section */
		ED20FF82268A9B1A0040D584 /* PBXTargetDependency */ = {
			isa = PBXTargetDependency;
			target = ED20FF69268A9B0D0040D584 /* Currency Converter */;
			targetProxy = ED20FF81268A9B1A0040D584 /* PBXContainerItemProxy */;
		};
		ED20FF8D268A9B1A0040D584 /* PBXTargetDependency */ = {
			isa = PBXTargetDependency;
			target = ED20FF69268A9B0D0040D584 /* Currency Converter */;
			targetProxy = ED20FF8C268A9B1A0040D584 /* PBXContainerItemProxy */;
		};
/* End PBXTargetDependency section */

/* Begin PBXVariantGroup section */
		ED20FF78268A9B1A0040D584 /* LaunchScreen.storyboard */ = {
			isa = PBXVariantGroup;
			children = (
				ED20FF79268A9B1A0040D584 /* Base */,
			);
			name = LaunchScreen.storyboard;
			sourceTree = "<group>";
		};
/* End PBXVariantGroup section */

/* Begin XCBuildConfiguration section */
		ED20FF92268A9B1A0040D584 /* Debug Production */ = {
			isa = XCBuildConfiguration;
			baseConfigurationReference = ED20FFAE268A9DF10040D584 /* Production.xcconfig */;
			buildSettings = {
				ALWAYS_SEARCH_USER_PATHS = NO;
				CLANG_ANALYZER_NONNULL = YES;
				CLANG_ANALYZER_NUMBER_OBJECT_CONVERSION = YES_AGGRESSIVE;
				CLANG_CXX_LANGUAGE_STANDARD = "gnu++14";
				CLANG_CXX_LIBRARY = "libc++";
				CLANG_ENABLE_MODULES = YES;
				CLANG_ENABLE_OBJC_ARC = YES;
				CLANG_ENABLE_OBJC_WEAK = YES;
				CLANG_WARN_BLOCK_CAPTURE_AUTORELEASING = YES;
				CLANG_WARN_BOOL_CONVERSION = YES;
				CLANG_WARN_COMMA = YES;
				CLANG_WARN_CONSTANT_CONVERSION = YES;
				CLANG_WARN_DEPRECATED_OBJC_IMPLEMENTATIONS = YES;
				CLANG_WARN_DIRECT_OBJC_ISA_USAGE = YES_ERROR;
				CLANG_WARN_DOCUMENTATION_COMMENTS = YES;
				CLANG_WARN_EMPTY_BODY = YES;
				CLANG_WARN_ENUM_CONVERSION = YES;
				CLANG_WARN_INFINITE_RECURSION = YES;
				CLANG_WARN_INT_CONVERSION = YES;
				CLANG_WARN_NON_LITERAL_NULL_CONVERSION = YES;
				CLANG_WARN_OBJC_IMPLICIT_RETAIN_SELF = YES;
				CLANG_WARN_OBJC_LITERAL_CONVERSION = YES;
				CLANG_WARN_OBJC_ROOT_CLASS = YES_ERROR;
				CLANG_WARN_QUOTED_INCLUDE_IN_FRAMEWORK_HEADER = YES;
				CLANG_WARN_RANGE_LOOP_ANALYSIS = YES;
				CLANG_WARN_STRICT_PROTOTYPES = YES;
				CLANG_WARN_SUSPICIOUS_MOVE = YES;
				CLANG_WARN_UNGUARDED_AVAILABILITY = YES_AGGRESSIVE;
				CLANG_WARN_UNREACHABLE_CODE = YES;
				CLANG_WARN__DUPLICATE_METHOD_MATCH = YES;
				COPY_PHASE_STRIP = NO;
				DEBUG_INFORMATION_FORMAT = dwarf;
				ENABLE_STRICT_OBJC_MSGSEND = YES;
				ENABLE_TESTABILITY = YES;
				GCC_C_LANGUAGE_STANDARD = gnu11;
				GCC_DYNAMIC_NO_PIC = NO;
				GCC_NO_COMMON_BLOCKS = YES;
				GCC_OPTIMIZATION_LEVEL = 0;
				GCC_PREPROCESSOR_DEFINITIONS = (
					"DEBUG=1",
					"$(inherited)",
				);
				GCC_WARN_64_TO_32_BIT_CONVERSION = YES;
				GCC_WARN_ABOUT_RETURN_TYPE = YES_ERROR;
				GCC_WARN_UNDECLARED_SELECTOR = YES;
				GCC_WARN_UNINITIALIZED_AUTOS = YES_AGGRESSIVE;
				GCC_WARN_UNUSED_FUNCTION = YES;
				GCC_WARN_UNUSED_VARIABLE = YES;
				IPHONEOS_DEPLOYMENT_TARGET = 14.4;
				MTL_ENABLE_DEBUG_INFO = INCLUDE_SOURCE;
				MTL_FAST_MATH = YES;
				ONLY_ACTIVE_ARCH = YES;
				SDKROOT = iphoneos;
				SWIFT_ACTIVE_COMPILATION_CONDITIONS = DEBUG;
				SWIFT_OPTIMIZATION_LEVEL = "-Onone";
			};
			name = "Debug Production";
		};
		ED20FF93268A9B1A0040D584 /* Release Production */ = {
			isa = XCBuildConfiguration;
			baseConfigurationReference = ED20FFAE268A9DF10040D584 /* Production.xcconfig */;
			buildSettings = {
				ALWAYS_SEARCH_USER_PATHS = NO;
				CLANG_ANALYZER_NONNULL = YES;
				CLANG_ANALYZER_NUMBER_OBJECT_CONVERSION = YES_AGGRESSIVE;
				CLANG_CXX_LANGUAGE_STANDARD = "gnu++14";
				CLANG_CXX_LIBRARY = "libc++";
				CLANG_ENABLE_MODULES = YES;
				CLANG_ENABLE_OBJC_ARC = YES;
				CLANG_ENABLE_OBJC_WEAK = YES;
				CLANG_WARN_BLOCK_CAPTURE_AUTORELEASING = YES;
				CLANG_WARN_BOOL_CONVERSION = YES;
				CLANG_WARN_COMMA = YES;
				CLANG_WARN_CONSTANT_CONVERSION = YES;
				CLANG_WARN_DEPRECATED_OBJC_IMPLEMENTATIONS = YES;
				CLANG_WARN_DIRECT_OBJC_ISA_USAGE = YES_ERROR;
				CLANG_WARN_DOCUMENTATION_COMMENTS = YES;
				CLANG_WARN_EMPTY_BODY = YES;
				CLANG_WARN_ENUM_CONVERSION = YES;
				CLANG_WARN_INFINITE_RECURSION = YES;
				CLANG_WARN_INT_CONVERSION = YES;
				CLANG_WARN_NON_LITERAL_NULL_CONVERSION = YES;
				CLANG_WARN_OBJC_IMPLICIT_RETAIN_SELF = YES;
				CLANG_WARN_OBJC_LITERAL_CONVERSION = YES;
				CLANG_WARN_OBJC_ROOT_CLASS = YES_ERROR;
				CLANG_WARN_QUOTED_INCLUDE_IN_FRAMEWORK_HEADER = YES;
				CLANG_WARN_RANGE_LOOP_ANALYSIS = YES;
				CLANG_WARN_STRICT_PROTOTYPES = YES;
				CLANG_WARN_SUSPICIOUS_MOVE = YES;
				CLANG_WARN_UNGUARDED_AVAILABILITY = YES_AGGRESSIVE;
				CLANG_WARN_UNREACHABLE_CODE = YES;
				CLANG_WARN__DUPLICATE_METHOD_MATCH = YES;
				COPY_PHASE_STRIP = NO;
				DEBUG_INFORMATION_FORMAT = "dwarf-with-dsym";
				ENABLE_NS_ASSERTIONS = NO;
				ENABLE_STRICT_OBJC_MSGSEND = YES;
				GCC_C_LANGUAGE_STANDARD = gnu11;
				GCC_NO_COMMON_BLOCKS = YES;
				GCC_WARN_64_TO_32_BIT_CONVERSION = YES;
				GCC_WARN_ABOUT_RETURN_TYPE = YES_ERROR;
				GCC_WARN_UNDECLARED_SELECTOR = YES;
				GCC_WARN_UNINITIALIZED_AUTOS = YES_AGGRESSIVE;
				GCC_WARN_UNUSED_FUNCTION = YES;
				GCC_WARN_UNUSED_VARIABLE = YES;
				IPHONEOS_DEPLOYMENT_TARGET = 14.4;
				MTL_ENABLE_DEBUG_INFO = NO;
				MTL_FAST_MATH = YES;
				SDKROOT = iphoneos;
				SWIFT_COMPILATION_MODE = wholemodule;
				SWIFT_OPTIMIZATION_LEVEL = "-O";
				VALIDATE_PRODUCT = YES;
			};
			name = "Release Production";
		};
		ED20FF95268A9B1A0040D584 /* Debug Production */ = {
			isa = XCBuildConfiguration;
			buildSettings = {
				ASSETCATALOG_COMPILER_APPICON_NAME = AppIcon;
				ASSETCATALOG_COMPILER_GLOBAL_ACCENT_COLOR_NAME = AccentColor;
				CODE_SIGN_STYLE = Automatic;
				INFOPLIST_FILE = "Currency Converter/Configuration/Info.plist";
				IPHONEOS_DEPLOYMENT_TARGET = 13.0;
				LD_RUNPATH_SEARCH_PATHS = (
					"$(inherited)",
					"@executable_path/Frameworks",
				);
				PRODUCT_BUNDLE_IDENTIFIER = "$(APP_BUNDLE_ID)";
				PRODUCT_NAME = "$(TARGET_NAME)";
				SWIFT_VERSION = 5.0;
				TARGETED_DEVICE_FAMILY = 1;
			};
			name = "Debug Production";
		};
		ED20FF96268A9B1A0040D584 /* Release Production */ = {
			isa = XCBuildConfiguration;
			buildSettings = {
				ASSETCATALOG_COMPILER_APPICON_NAME = AppIcon;
				ASSETCATALOG_COMPILER_GLOBAL_ACCENT_COLOR_NAME = AccentColor;
				CODE_SIGN_STYLE = Automatic;
				INFOPLIST_FILE = "Currency Converter/Configuration/Info.plist";
				IPHONEOS_DEPLOYMENT_TARGET = 13.0;
				LD_RUNPATH_SEARCH_PATHS = (
					"$(inherited)",
					"@executable_path/Frameworks",
				);
				PRODUCT_BUNDLE_IDENTIFIER = "$(APP_BUNDLE_ID)";
				PRODUCT_NAME = "$(TARGET_NAME)";
				SWIFT_VERSION = 5.0;
				TARGETED_DEVICE_FAMILY = 1;
			};
			name = "Release Production";
		};
		ED20FF98268A9B1A0040D584 /* Debug Production */ = {
			isa = XCBuildConfiguration;
			buildSettings = {
				ALWAYS_EMBED_SWIFT_STANDARD_LIBRARIES = YES;
				BUNDLE_LOADER = "$(TEST_HOST)";
				CODE_SIGN_STYLE = Automatic;
				INFOPLIST_FILE = "Currency ConverterTests/Info.plist";
				IPHONEOS_DEPLOYMENT_TARGET = 14.4;
				LD_RUNPATH_SEARCH_PATHS = (
					"$(inherited)",
					"@executable_path/Frameworks",
					"@loader_path/Frameworks",
				);
				PRODUCT_BUNDLE_IDENTIFIER = "Diaa-Salam-Ibtikar.Currency-ConverterTests";
				PRODUCT_NAME = "$(TARGET_NAME)";
				SWIFT_VERSION = 5.0;
				TARGETED_DEVICE_FAMILY = "1,2";
				TEST_HOST = "$(BUILT_PRODUCTS_DIR)/Currency Converter.app/Currency Converter";
			};
			name = "Debug Production";
		};
		ED20FF99268A9B1A0040D584 /* Release Production */ = {
			isa = XCBuildConfiguration;
			buildSettings = {
				ALWAYS_EMBED_SWIFT_STANDARD_LIBRARIES = YES;
				BUNDLE_LOADER = "$(TEST_HOST)";
				CODE_SIGN_STYLE = Automatic;
				INFOPLIST_FILE = "Currency ConverterTests/Info.plist";
				IPHONEOS_DEPLOYMENT_TARGET = 14.4;
				LD_RUNPATH_SEARCH_PATHS = (
					"$(inherited)",
					"@executable_path/Frameworks",
					"@loader_path/Frameworks",
				);
				PRODUCT_BUNDLE_IDENTIFIER = "Diaa-Salam-Ibtikar.Currency-ConverterTests";
				PRODUCT_NAME = "$(TARGET_NAME)";
				SWIFT_VERSION = 5.0;
				TARGETED_DEVICE_FAMILY = "1,2";
				TEST_HOST = "$(BUILT_PRODUCTS_DIR)/Currency Converter.app/Currency Converter";
			};
			name = "Release Production";
		};
		ED20FF9B268A9B1A0040D584 /* Debug Production */ = {
			isa = XCBuildConfiguration;
			buildSettings = {
				ALWAYS_EMBED_SWIFT_STANDARD_LIBRARIES = YES;
				CODE_SIGN_STYLE = Automatic;
				INFOPLIST_FILE = "Currency ConverterUITests/Info.plist";
				LD_RUNPATH_SEARCH_PATHS = (
					"$(inherited)",
					"@executable_path/Frameworks",
					"@loader_path/Frameworks",
				);
				PRODUCT_BUNDLE_IDENTIFIER = "Diaa-Salam-Ibtikar.Currency-ConverterUITests";
				PRODUCT_NAME = "$(TARGET_NAME)";
				SWIFT_VERSION = 5.0;
				TARGETED_DEVICE_FAMILY = "1,2";
				TEST_TARGET_NAME = "Currency Converter";
			};
			name = "Debug Production";
		};
		ED20FF9C268A9B1A0040D584 /* Release Production */ = {
			isa = XCBuildConfiguration;
			buildSettings = {
				ALWAYS_EMBED_SWIFT_STANDARD_LIBRARIES = YES;
				CODE_SIGN_STYLE = Automatic;
				INFOPLIST_FILE = "Currency ConverterUITests/Info.plist";
				LD_RUNPATH_SEARCH_PATHS = (
					"$(inherited)",
					"@executable_path/Frameworks",
					"@loader_path/Frameworks",
				);
				PRODUCT_BUNDLE_IDENTIFIER = "Diaa-Salam-Ibtikar.Currency-ConverterUITests";
				PRODUCT_NAME = "$(TARGET_NAME)";
				SWIFT_VERSION = 5.0;
				TARGETED_DEVICE_FAMILY = "1,2";
				TEST_TARGET_NAME = "Currency Converter";
			};
			name = "Release Production";
		};
		ED20FFAF268A9E2D0040D584 /* Debug Development */ = {
			isa = XCBuildConfiguration;
			baseConfigurationReference = ED20FFAD268A9C9B0040D584 /* Development.xcconfig */;
			buildSettings = {
				ALWAYS_SEARCH_USER_PATHS = NO;
				CLANG_ANALYZER_NONNULL = YES;
				CLANG_ANALYZER_NUMBER_OBJECT_CONVERSION = YES_AGGRESSIVE;
				CLANG_CXX_LANGUAGE_STANDARD = "gnu++14";
				CLANG_CXX_LIBRARY = "libc++";
				CLANG_ENABLE_MODULES = YES;
				CLANG_ENABLE_OBJC_ARC = YES;
				CLANG_ENABLE_OBJC_WEAK = YES;
				CLANG_WARN_BLOCK_CAPTURE_AUTORELEASING = YES;
				CLANG_WARN_BOOL_CONVERSION = YES;
				CLANG_WARN_COMMA = YES;
				CLANG_WARN_CONSTANT_CONVERSION = YES;
				CLANG_WARN_DEPRECATED_OBJC_IMPLEMENTATIONS = YES;
				CLANG_WARN_DIRECT_OBJC_ISA_USAGE = YES_ERROR;
				CLANG_WARN_DOCUMENTATION_COMMENTS = YES;
				CLANG_WARN_EMPTY_BODY = YES;
				CLANG_WARN_ENUM_CONVERSION = YES;
				CLANG_WARN_INFINITE_RECURSION = YES;
				CLANG_WARN_INT_CONVERSION = YES;
				CLANG_WARN_NON_LITERAL_NULL_CONVERSION = YES;
				CLANG_WARN_OBJC_IMPLICIT_RETAIN_SELF = YES;
				CLANG_WARN_OBJC_LITERAL_CONVERSION = YES;
				CLANG_WARN_OBJC_ROOT_CLASS = YES_ERROR;
				CLANG_WARN_QUOTED_INCLUDE_IN_FRAMEWORK_HEADER = YES;
				CLANG_WARN_RANGE_LOOP_ANALYSIS = YES;
				CLANG_WARN_STRICT_PROTOTYPES = YES;
				CLANG_WARN_SUSPICIOUS_MOVE = YES;
				CLANG_WARN_UNGUARDED_AVAILABILITY = YES_AGGRESSIVE;
				CLANG_WARN_UNREACHABLE_CODE = YES;
				CLANG_WARN__DUPLICATE_METHOD_MATCH = YES;
				COPY_PHASE_STRIP = NO;
				DEBUG_INFORMATION_FORMAT = dwarf;
				ENABLE_STRICT_OBJC_MSGSEND = YES;
				ENABLE_TESTABILITY = YES;
				GCC_C_LANGUAGE_STANDARD = gnu11;
				GCC_DYNAMIC_NO_PIC = NO;
				GCC_NO_COMMON_BLOCKS = YES;
				GCC_OPTIMIZATION_LEVEL = 0;
				GCC_PREPROCESSOR_DEFINITIONS = (
					"DEBUG=1",
					"$(inherited)",
				);
				GCC_WARN_64_TO_32_BIT_CONVERSION = YES;
				GCC_WARN_ABOUT_RETURN_TYPE = YES_ERROR;
				GCC_WARN_UNDECLARED_SELECTOR = YES;
				GCC_WARN_UNINITIALIZED_AUTOS = YES_AGGRESSIVE;
				GCC_WARN_UNUSED_FUNCTION = YES;
				GCC_WARN_UNUSED_VARIABLE = YES;
				IPHONEOS_DEPLOYMENT_TARGET = 14.4;
				MTL_ENABLE_DEBUG_INFO = INCLUDE_SOURCE;
				MTL_FAST_MATH = YES;
				ONLY_ACTIVE_ARCH = YES;
				SDKROOT = iphoneos;
				SWIFT_ACTIVE_COMPILATION_CONDITIONS = DEBUG;
				SWIFT_OPTIMIZATION_LEVEL = "-Onone";
			};
			name = "Debug Development";
		};
		ED20FFB0268A9E2D0040D584 /* Debug Development */ = {
			isa = XCBuildConfiguration;
			buildSettings = {
				ASSETCATALOG_COMPILER_APPICON_NAME = AppIcon;
				ASSETCATALOG_COMPILER_GLOBAL_ACCENT_COLOR_NAME = AccentColor;
				CODE_SIGN_STYLE = Automatic;
				INFOPLIST_FILE = "Currency Converter/Configuration/Info.plist";
				IPHONEOS_DEPLOYMENT_TARGET = 13.0;
				LD_RUNPATH_SEARCH_PATHS = (
					"$(inherited)",
					"@executable_path/Frameworks",
				);
				PRODUCT_BUNDLE_IDENTIFIER = "$(APP_BUNDLE_ID)";
				PRODUCT_NAME = "$(TARGET_NAME)";
				SWIFT_VERSION = 5.0;
				TARGETED_DEVICE_FAMILY = 1;
			};
			name = "Debug Development";
		};
		ED20FFB1268A9E2D0040D584 /* Debug Development */ = {
			isa = XCBuildConfiguration;
			buildSettings = {
				ALWAYS_EMBED_SWIFT_STANDARD_LIBRARIES = YES;
				BUNDLE_LOADER = "$(TEST_HOST)";
				CODE_SIGN_STYLE = Automatic;
				INFOPLIST_FILE = "Currency ConverterTests/Info.plist";
				IPHONEOS_DEPLOYMENT_TARGET = 14.4;
				LD_RUNPATH_SEARCH_PATHS = (
					"$(inherited)",
					"@executable_path/Frameworks",
					"@loader_path/Frameworks",
				);
				PRODUCT_BUNDLE_IDENTIFIER = "Diaa-Salam-Ibtikar.Currency-ConverterTests";
				PRODUCT_NAME = "$(TARGET_NAME)";
				SWIFT_VERSION = 5.0;
				TARGETED_DEVICE_FAMILY = "1,2";
				TEST_HOST = "$(BUILT_PRODUCTS_DIR)/Currency Converter.app/Currency Converter";
			};
			name = "Debug Development";
		};
		ED20FFB2268A9E2D0040D584 /* Debug Development */ = {
			isa = XCBuildConfiguration;
			buildSettings = {
				ALWAYS_EMBED_SWIFT_STANDARD_LIBRARIES = YES;
				CODE_SIGN_STYLE = Automatic;
				INFOPLIST_FILE = "Currency ConverterUITests/Info.plist";
				LD_RUNPATH_SEARCH_PATHS = (
					"$(inherited)",
					"@executable_path/Frameworks",
					"@loader_path/Frameworks",
				);
				PRODUCT_BUNDLE_IDENTIFIER = "Diaa-Salam-Ibtikar.Currency-ConverterUITests";
				PRODUCT_NAME = "$(TARGET_NAME)";
				SWIFT_VERSION = 5.0;
				TARGETED_DEVICE_FAMILY = "1,2";
				TEST_TARGET_NAME = "Currency Converter";
			};
			name = "Debug Development";
		};
		ED20FFB3268A9E3F0040D584 /* Release Development */ = {
			isa = XCBuildConfiguration;
			baseConfigurationReference = ED20FFAD268A9C9B0040D584 /* Development.xcconfig */;
			buildSettings = {
				ALWAYS_SEARCH_USER_PATHS = NO;
				CLANG_ANALYZER_NONNULL = YES;
				CLANG_ANALYZER_NUMBER_OBJECT_CONVERSION = YES_AGGRESSIVE;
				CLANG_CXX_LANGUAGE_STANDARD = "gnu++14";
				CLANG_CXX_LIBRARY = "libc++";
				CLANG_ENABLE_MODULES = YES;
				CLANG_ENABLE_OBJC_ARC = YES;
				CLANG_ENABLE_OBJC_WEAK = YES;
				CLANG_WARN_BLOCK_CAPTURE_AUTORELEASING = YES;
				CLANG_WARN_BOOL_CONVERSION = YES;
				CLANG_WARN_COMMA = YES;
				CLANG_WARN_CONSTANT_CONVERSION = YES;
				CLANG_WARN_DEPRECATED_OBJC_IMPLEMENTATIONS = YES;
				CLANG_WARN_DIRECT_OBJC_ISA_USAGE = YES_ERROR;
				CLANG_WARN_DOCUMENTATION_COMMENTS = YES;
				CLANG_WARN_EMPTY_BODY = YES;
				CLANG_WARN_ENUM_CONVERSION = YES;
				CLANG_WARN_INFINITE_RECURSION = YES;
				CLANG_WARN_INT_CONVERSION = YES;
				CLANG_WARN_NON_LITERAL_NULL_CONVERSION = YES;
				CLANG_WARN_OBJC_IMPLICIT_RETAIN_SELF = YES;
				CLANG_WARN_OBJC_LITERAL_CONVERSION = YES;
				CLANG_WARN_OBJC_ROOT_CLASS = YES_ERROR;
				CLANG_WARN_QUOTED_INCLUDE_IN_FRAMEWORK_HEADER = YES;
				CLANG_WARN_RANGE_LOOP_ANALYSIS = YES;
				CLANG_WARN_STRICT_PROTOTYPES = YES;
				CLANG_WARN_SUSPICIOUS_MOVE = YES;
				CLANG_WARN_UNGUARDED_AVAILABILITY = YES_AGGRESSIVE;
				CLANG_WARN_UNREACHABLE_CODE = YES;
				CLANG_WARN__DUPLICATE_METHOD_MATCH = YES;
				COPY_PHASE_STRIP = NO;
				DEBUG_INFORMATION_FORMAT = "dwarf-with-dsym";
				ENABLE_NS_ASSERTIONS = NO;
				ENABLE_STRICT_OBJC_MSGSEND = YES;
				GCC_C_LANGUAGE_STANDARD = gnu11;
				GCC_NO_COMMON_BLOCKS = YES;
				GCC_WARN_64_TO_32_BIT_CONVERSION = YES;
				GCC_WARN_ABOUT_RETURN_TYPE = YES_ERROR;
				GCC_WARN_UNDECLARED_SELECTOR = YES;
				GCC_WARN_UNINITIALIZED_AUTOS = YES_AGGRESSIVE;
				GCC_WARN_UNUSED_FUNCTION = YES;
				GCC_WARN_UNUSED_VARIABLE = YES;
				IPHONEOS_DEPLOYMENT_TARGET = 14.4;
				MTL_ENABLE_DEBUG_INFO = NO;
				MTL_FAST_MATH = YES;
				SDKROOT = iphoneos;
				SWIFT_COMPILATION_MODE = wholemodule;
				SWIFT_OPTIMIZATION_LEVEL = "-O";
				VALIDATE_PRODUCT = YES;
			};
			name = "Release Development";
		};
		ED20FFB4268A9E3F0040D584 /* Release Development */ = {
			isa = XCBuildConfiguration;
			buildSettings = {
				ASSETCATALOG_COMPILER_APPICON_NAME = AppIcon;
				ASSETCATALOG_COMPILER_GLOBAL_ACCENT_COLOR_NAME = AccentColor;
				CODE_SIGN_STYLE = Automatic;
				INFOPLIST_FILE = "Currency Converter/Configuration/Info.plist";
				IPHONEOS_DEPLOYMENT_TARGET = 13.0;
				LD_RUNPATH_SEARCH_PATHS = (
					"$(inherited)",
					"@executable_path/Frameworks",
				);
				PRODUCT_BUNDLE_IDENTIFIER = "$(APP_BUNDLE_ID)";
				PRODUCT_NAME = "$(TARGET_NAME)";
				SWIFT_VERSION = 5.0;
				TARGETED_DEVICE_FAMILY = 1;
			};
			name = "Release Development";
		};
		ED20FFB5268A9E3F0040D584 /* Release Development */ = {
			isa = XCBuildConfiguration;
			buildSettings = {
				ALWAYS_EMBED_SWIFT_STANDARD_LIBRARIES = YES;
				BUNDLE_LOADER = "$(TEST_HOST)";
				CODE_SIGN_STYLE = Automatic;
				INFOPLIST_FILE = "Currency ConverterTests/Info.plist";
				IPHONEOS_DEPLOYMENT_TARGET = 14.4;
				LD_RUNPATH_SEARCH_PATHS = (
					"$(inherited)",
					"@executable_path/Frameworks",
					"@loader_path/Frameworks",
				);
				PRODUCT_BUNDLE_IDENTIFIER = "Diaa-Salam-Ibtikar.Currency-ConverterTests";
				PRODUCT_NAME = "$(TARGET_NAME)";
				SWIFT_VERSION = 5.0;
				TARGETED_DEVICE_FAMILY = "1,2";
				TEST_HOST = "$(BUILT_PRODUCTS_DIR)/Currency Converter.app/Currency Converter";
			};
			name = "Release Development";
		};
		ED20FFB6268A9E3F0040D584 /* Release Development */ = {
			isa = XCBuildConfiguration;
			buildSettings = {
				ALWAYS_EMBED_SWIFT_STANDARD_LIBRARIES = YES;
				CODE_SIGN_STYLE = Automatic;
				INFOPLIST_FILE = "Currency ConverterUITests/Info.plist";
				LD_RUNPATH_SEARCH_PATHS = (
					"$(inherited)",
					"@executable_path/Frameworks",
					"@loader_path/Frameworks",
				);
				PRODUCT_BUNDLE_IDENTIFIER = "Diaa-Salam-Ibtikar.Currency-ConverterUITests";
				PRODUCT_NAME = "$(TARGET_NAME)";
				SWIFT_VERSION = 5.0;
				TARGETED_DEVICE_FAMILY = "1,2";
				TEST_TARGET_NAME = "Currency Converter";
			};
			name = "Release Development";
		};
/* End XCBuildConfiguration section */

/* Begin XCConfigurationList section */
		ED20FF65268A9B0D0040D584 /* Build configuration list for PBXProject "Currency Converter" */ = {
			isa = XCConfigurationList;
			buildConfigurations = (
				ED20FF92268A9B1A0040D584 /* Debug Production */,
				ED20FFAF268A9E2D0040D584 /* Debug Development */,
				ED20FF93268A9B1A0040D584 /* Release Production */,
				ED20FFB3268A9E3F0040D584 /* Release Development */,
			);
			defaultConfigurationIsVisible = 0;
			defaultConfigurationName = "Release Production";
		};
		ED20FF94268A9B1A0040D584 /* Build configuration list for PBXNativeTarget "Currency Converter" */ = {
			isa = XCConfigurationList;
			buildConfigurations = (
				ED20FF95268A9B1A0040D584 /* Debug Production */,
				ED20FFB0268A9E2D0040D584 /* Debug Development */,
				ED20FF96268A9B1A0040D584 /* Release Production */,
				ED20FFB4268A9E3F0040D584 /* Release Development */,
			);
			defaultConfigurationIsVisible = 0;
			defaultConfigurationName = "Release Production";
		};
		ED20FF97268A9B1A0040D584 /* Build configuration list for PBXNativeTarget "Currency ConverterTests" */ = {
			isa = XCConfigurationList;
			buildConfigurations = (
				ED20FF98268A9B1A0040D584 /* Debug Production */,
				ED20FFB1268A9E2D0040D584 /* Debug Development */,
				ED20FF99268A9B1A0040D584 /* Release Production */,
				ED20FFB5268A9E3F0040D584 /* Release Development */,
			);
			defaultConfigurationIsVisible = 0;
			defaultConfigurationName = "Release Production";
		};
		ED20FF9A268A9B1A0040D584 /* Build configuration list for PBXNativeTarget "Currency ConverterUITests" */ = {
			isa = XCConfigurationList;
			buildConfigurations = (
				ED20FF9B268A9B1A0040D584 /* Debug Production */,
				ED20FFB2268A9E2D0040D584 /* Debug Development */,
				ED20FF9C268A9B1A0040D584 /* Release Production */,
				ED20FFB6268A9E3F0040D584 /* Release Development */,
			);
			defaultConfigurationIsVisible = 0;
			defaultConfigurationName = "Release Production";
		};
/* End XCConfigurationList section */
	};
	rootObject = ED20FF62268A9B0D0040D584 /* Project object */;
}
